
Microsoft Visual Studio Solution File, Format Version 12.00
# Visual Studio Version 16
VisualStudioVersion = 16.0.30225.117
MinimumVisualStudioVersion = 10.0.40219.1
Project("{8BC9CEB8-8B4A-11D0-8D11-00A0C91BC942}") = "TokenStealer", "TokenStealer.vcxproj", "{D921D456-F0BB-4EF4-99C5-1936F30AA53E}"
EndProject
Global
	GlobalSection(SolutionConfigurationPlatforms) = preSolution
		Debug|x64 = Debug|x64
		Debug|x86 = Debug|x86
		Release|x64 = Release|x64
		Release|x86 = Release|x86
	EndGlobalSection
	GlobalSection(ProjectConfigurationPlatforms) = postSolution
		{D921D456-F0BB-4EF4-99C5-1936F30AA53E}.Debug|x64.ActiveCfg = Debug|x64
		{D921D456-F0BB-4EF4-99C5-1936F30AA53E}.Debug|x64.Build.0 = Debug|x64
		{D921D456-F0BB-4EF4-99C5-1936F30AA53E}.Debug|x86.ActiveCfg = Debug|Win32
		{D921D456-F0BB-4EF4-99C5-1936F30AA53E}.Debug|x86.Build.0 = Debug|Win32
		{D921D456-F0BB-4EF4-99C5-1936F30AA53E}.Release|x64.ActiveCfg = Release|x64
		{D921D456-F0BB-4EF4-99C5-1936F30AA53E}.Release|x64.Build.0 = Release|x64
		{D921D456-F0BB-4EF4-99C5-1936F30AA53E}.Release|x86.ActiveCfg = Release|Win32
		{D921D456-F0BB-4EF4-99C5-1936F30AA53E}.Release|x86.Build.0 = Release|Win32
	EndGlobalSection
	GlobalSection(SolutionProperties) = preSolution
		HideSolutionNode = FALSE
	EndGlobalSection
	GlobalSection(ExtensibilityGlobals) = postSolution
		SolutionGuid = {5A1C1FC1-4E48-477E-80D8-CF0B962C9E3E}
	EndGlobalSection
EndGlobal
